Microsoft Visual Studio Solution File, Format Version 12.00
# Visual Studio 15
VisualStudioVersion = 15.0.27428.2037
MinimumVisualStudioVersion = 10.0.40219.1
Project("{FAE04EC0-301F-11D3-BF4B-00C04F79EFBC}") = "Othello", "Othello.csproj", "{08C82A56-882B-45DE-8B9D-AD9DBBE0F6EC}"
EndProject
Global
	GlobalSection(SolutionConfigurationPlatforms) = preSolution
		Debug|Default = Debug|Default
		Release|Default = Release|Default
	EndGlobalSection
	GlobalSection(ProjectConfigurationPlatforms) = postSolution
		{08C82A56-882B-45DE-8B9D-AD9DBBE0F6EC}.Debug|Default.ActiveCfg = Debug|Any CPU
		{08C82A56-882B-45DE-8B9D-AD9DBBE0F6EC}.Debug|Default.Build.0 = Debug|Any CPU
		{08C82A56-882B-45DE-8B9D-AD9DBBE0F6EC}.Release|Default.ActiveCfg = Release|Any CPU
		{08C82A56-882B-45DE-8B9D-AD9DBBE0F6EC}.Release|Default.Build.0 = Release|Any CPU
	EndGlobalSection
	GlobalSection(SolutionProperties) = preSolution
		HideSolutionNode = FALSE
	EndGlobalSection
	GlobalSection(ExtensibilityGlobals) = postSolution
		SolutionGuid = {EE2E821A-D19E-43B2-B982-2CA55ECD0068}
	EndGlobalSection
EndGlobal
